
Microsoft Visual Studio Solution File, Format Version 12.00
# Visual Studio Version 17
VisualStudioVersion = 17.4.33103.184
MinimumVisualStudioVersion = 10.0.40219.1
Project("{FAE04EC0-301F-11D3-BF4B-00C04F79EFBC}") = "SterowanieStanowiskiem", "SterowanieStanowiskiem\SterowanieStanowiskiem.csproj", "{097AB608-4BF2-479E-AD31-4A669A11F4D6}"
EndProject
Project("{2150E333-8FDC-42A3-9474-1A3956D46DE8}") = "Elementy rozwiązania", "Elementy rozwiązania", "{CAB4ACDF-601E-4F96-87A8-9B58B942E0FF}"
	ProjectSection(SolutionItems) = preProject
		stargate.ico = stargate.ico
	EndProjectSection
EndProject
Global
	GlobalSection(SolutionConfigurationPlatforms) = preSolution
		Debug|Any CPU = Debug|Any CPU
		Release|Any CPU = Release|Any CPU
	EndGlobalSection
	GlobalSection(ProjectConfigurationPlatforms) = postSolution
		{097AB608-4BF2-479E-AD31-4A669A11F4D6}.Debug|Any CPU.ActiveCfg = Debug|Any CPU
		{097AB608-4BF2-479E-AD31-4A669A11F4D6}.Debug|Any CPU.Build.0 = Debug|Any CPU
		{097AB608-4BF2-479E-AD31-4A669A11F4D6}.Release|Any CPU.ActiveCfg = Release|Any CPU
		{097AB608-4BF2-479E-AD31-4A669A11F4D6}.Release|Any CPU.Build.0 = Release|Any CPU
	EndGlobalSection
	GlobalSection(SolutionProperties) = preSolution
		HideSolutionNode = FALSE
	EndGlobalSection
	GlobalSection(ExtensibilityGlobals) = postSolution
		SolutionGuid = {2B10465D-3406-4A16-B44B-74AB0B3D9871}
	EndGlobalSection
EndGlobal
